
Microsoft Visual Studio Solution File, Format Version 12.00
# Visual Studio Version 16
VisualStudioVersion = 16.0.30503.244
MinimumVisualStudioVersion = 10.0.40219.1
Project("{9A19103F-16F7-4668-BE54-9A1E7A4F7556}") = "Triangle", "Triangle\Triangle.csproj", "{A216F3DB-0C0A-4B7E-81E7-10A9994AA373}"
EndProject
Project("{FAE04EC0-301F-11D3-BF4B-00C04F79EFBC}") = "TestTriangle", "TestTriangle\TestTriangle.csproj", "{CF264FA8-7166-4FCF-9341-7F2686808EEB}"
EndProject
Global
	GlobalSection(SolutionConfigurationPlatforms) = preSolution
		Debug|Any CPU = Debug|Any CPU
		Release|Any CPU = Release|Any CPU
	EndGlobalSection
	GlobalSection(ProjectConfigurationPlatforms) = postSolution
		{A216F3DB-0C0A-4B7E-81E7-10A9994AA373}.Debug|Any CPU.ActiveCfg = Debug|Any CPU
		{A216F3DB-0C0A-4B7E-81E7-10A9994AA373}.Debug|Any CPU.Build.0 = Debug|Any CPU
		{A216F3DB-0C0A-4B7E-81E7-10A9994AA373}.Release|Any CPU.ActiveCfg = Release|Any CPU
		{A216F3DB-0C0A-4B7E-81E7-10A9994AA373}.Release|Any CPU.Build.0 = Release|Any CPU
		{CF264FA8-7166-4FCF-9341-7F2686808EEB}.Debug|Any CPU.ActiveCfg = Debug|Any CPU
		{CF264FA8-7166-4FCF-9341-7F2686808EEB}.Debug|Any CPU.Build.0 = Debug|Any CPU
		{CF264FA8-7166-4FCF-9341-7F2686808EEB}.Release|Any CPU.ActiveCfg = Release|Any CPU
		{CF264FA8-7166-4FCF-9341-7F2686808EEB}.Release|Any CPU.Build.0 = Release|Any CPU
	EndGlobalSection
	GlobalSection(SolutionProperties) = preSolution
		HideSolutionNode = FALSE
	EndGlobalSection
	GlobalSection(ExtensibilityGlobals) = postSolution
		SolutionGuid = {A441CD2E-4414-4F7F-8F6C-E4938F9B0C2B}
	EndGlobalSection
EndGlobal
